
Microsoft Visual Studio Solution File, Format Version 11.00
# Visual Studio 2010
Project("{FAE04EC0-301F-11D3-BF4B-00C04F79EFBC}") = "Azavea.Open.DAO", "Azavea.Open.DAO\Azavea.Open.DAO.csproj", "{A510DDB6-F817-4610-B08C-305EB937CE4F}"
EndProject
Project("{FAE04EC0-301F-11D3-BF4B-00C04F79EFBC}") = "Azavea.Open.Common", "Azavea.Open.Common\Azavea.Open.Common.csproj", "{ADBFE412-4F06-454A-AAF5-E93719E3B1FD}"
EndProject
Project("{FAE04EC0-301F-11D3-BF4B-00C04F79EFBC}") = "Azavea.Open.DAO.Firebird", "Azavea.Open.DAO.Firebird\Azavea.Open.DAO.Firebird.csproj", "{287A045A-C295-4345-BF3C-5CF64A1EAB44}"
EndProject
Project("{FAE04EC0-301F-11D3-BF4B-00C04F79EFBC}") = "Azavea.Open.DAO.OleDb", "Azavea.Open.DAO.OleDb\Azavea.Open.DAO.OleDb.csproj", "{9B652F15-DF87-470B-A153-8420ABEFA504}"
EndProject
Project("{FAE04EC0-301F-11D3-BF4B-00C04F79EFBC}") = "Azavea.Open.DAO.PostgreSQL", "Azavea.Open.DAO.PostgreSQL\Azavea.Open.DAO.PostgreSQL.csproj", "{C5F7BCF0-E054-479B-B6AF-99F1EB773C62}"
EndProject
Project("{FAE04EC0-301F-11D3-BF4B-00C04F79EFBC}") = "Azavea.Open.DAO.SQLite", "Azavea.Open.DAO.SQLite\Azavea.Open.DAO.SQLite.csproj", "{4F21024B-3DC4-4045-AC92-086819BBD660}"
EndProject
Project("{FAE04EC0-301F-11D3-BF4B-00C04F79EFBC}") = "Azavea.Open.DAO.CSV", "Azavea.Open.DAO.CSV\Azavea.Open.DAO.CSV.csproj", "{D92052E3-B055-47F8-8139-EE206E8DD118}"
EndProject
Project("{FAE04EC0-301F-11D3-BF4B-00C04F79EFBC}") = "Azavea.Open.DAO.SQLServer", "Azavea.Open.DAO.SQLServer\Azavea.Open.DAO.SQLServer.csproj", "{54F08332-A3DC-4DD9-8D31-EE474DADF994}"
EndProject
Global
	GlobalSection(SolutionConfigurationPlatforms) = preSolution
		Debug|Any CPU = Debug|Any CPU
		Release|Any CPU = Release|Any CPU
	EndGlobalSection
	GlobalSection(ProjectConfigurationPlatforms) = postSolution
		{A510DDB6-F817-4610-B08C-305EB937CE4F}.Debug|Any CPU.ActiveCfg = Debug|Any CPU
		{A510DDB6-F817-4610-B08C-305EB937CE4F}.Debug|Any CPU.Build.0 = Debug|Any CPU
		{A510DDB6-F817-4610-B08C-305EB937CE4F}.Release|Any CPU.ActiveCfg = Release|Any CPU
		{A510DDB6-F817-4610-B08C-305EB937CE4F}.Release|Any CPU.Build.0 = Release|Any CPU
		{ADBFE412-4F06-454A-AAF5-E93719E3B1FD}.Debug|Any CPU.ActiveCfg = Debug|Any CPU
		{ADBFE412-4F06-454A-AAF5-E93719E3B1FD}.Debug|Any CPU.Build.0 = Debug|Any CPU
		{ADBFE412-4F06-454A-AAF5-E93719E3B1FD}.Release|Any CPU.ActiveCfg = Release|Any CPU
		{ADBFE412-4F06-454A-AAF5-E93719E3B1FD}.Release|Any CPU.Build.0 = Release|Any CPU
		{287A045A-C295-4345-BF3C-5CF64A1EAB44}.Debug|Any CPU.ActiveCfg = Debug|Any CPU
		{287A045A-C295-4345-BF3C-5CF64A1EAB44}.Debug|Any CPU.Build.0 = Debug|Any CPU
		{287A045A-C295-4345-BF3C-5CF64A1EAB44}.Release|Any CPU.ActiveCfg = Release|Any CPU
		{287A045A-C295-4345-BF3C-5CF64A1EAB44}.Release|Any CPU.Build.0 = Release|Any CPU
		{9B652F15-DF87-470B-A153-8420ABEFA504}.Debug|Any CPU.ActiveCfg = Debug|Any CPU
		{9B652F15-DF87-470B-A153-8420ABEFA504}.Debug|Any CPU.Build.0 = Debug|Any CPU
		{9B652F15-DF87-470B-A153-8420ABEFA504}.Release|Any CPU.ActiveCfg = Release|Any CPU
		{9B652F15-DF87-470B-A153-8420ABEFA504}.Release|Any CPU.Build.0 = Release|Any CPU
		{C5F7BCF0-E054-479B-B6AF-99F1EB773C62}.Debug|Any CPU.ActiveCfg = Debug|Any CPU
		{C5F7BCF0-E054-479B-B6AF-99F1EB773C62}.Debug|Any CPU.Build.0 = Debug|Any CPU
		{C5F7BCF0-E054-479B-B6AF-99F1EB773C62}.Release|Any CPU.ActiveCfg = Release|Any CPU
		{C5F7BCF0-E054-479B-B6AF-99F1EB773C62}.Release|Any CPU.Build.0 = Release|Any CPU
		{4F21024B-3DC4-4045-AC92-086819BBD660}.Debug|Any CPU.ActiveCfg = Debug|Any CPU
		{4F21024B-3DC4-4045-AC92-086819BBD660}.Debug|Any CPU.Build.0 = Debug|Any CPU
		{4F21024B-3DC4-4045-AC92-086819BBD660}.Release|Any CPU.ActiveCfg = Release|Any CPU
		{4F21024B-3DC4-4045-AC92-086819BBD660}.Release|Any CPU.Build.0 = Release|Any CPU
		{D92052E3-B055-47F8-8139-EE206E8DD118}.Debug|Any CPU.ActiveCfg = Debug|Any CPU
		{D92052E3-B055-47F8-8139-EE206E8DD118}.Debug|Any CPU.Build.0 = Debug|Any CPU
		{D92052E3-B055-47F8-8139-EE206E8DD118}.Release|Any CPU.ActiveCfg = Release|Any CPU
		{D92052E3-B055-47F8-8139-EE206E8DD118}.Release|Any CPU.Build.0 = Release|Any CPU
		{54F08332-A3DC-4DD9-8D31-EE474DADF994}.Debug|Any CPU.ActiveCfg = Debug|Any CPU
		{54F08332-A3DC-4DD9-8D31-EE474DADF994}.Debug|Any CPU.Build.0 = Debug|Any CPU
		{54F08332-A3DC-4DD9-8D31-EE474DADF994}.Release|Any CPU.ActiveCfg = Release|Any CPU
		{54F08332-A3DC-4DD9-8D31-EE474DADF994}.Release|Any CPU.Build.0 = Release|Any CPU
	EndGlobalSection
	GlobalSection(SolutionProperties) = preSolution
		HideSolutionNode = FALSE
	EndGlobalSection
EndGlobal
